// !$*UTF8*$!
{
	archiveVersion = 1;
	classes = {
	};
	objectVersion = 46;
	objects = {

/* Begin PBXBuildFile section */
		9A0D46E31C766F920013A507 /* AppDelegate.swift in Sources */ = {isa = PBXBuildFile; fileRef = 9A0D46E21C766F920013A507 /* AppDelegate.swift */; };
		9A0D46E51C766F920013A507 /* ViewController.swift in Sources */ = {isa = PBXBuildFile; fileRef = 9A0D46E41C766F920013A507 /* ViewController.swift */; };
		9A0D46E81C766F920013A507 /* Main.storyboard in Resources */ = {isa = PBXBuildFile; fileRef = 9A0D46E61C766F920013A507 /* Main.storyboard */; };
		9A0D46EA1C766F920013A507 /* Assets.xcassets in Resources */ = {isa = PBXBuildFile; fileRef = 9A0D46E91C766F920013A507 /* Assets.xcassets */; };
		9A0D46ED1C766F920013A507 /* LaunchScreen.storyboard in Resources */ = {isa = PBXBuildFile; fileRef = 9A0D46EB1C766F920013A507 /* LaunchScreen.storyboard */; };
		9A0D46F81C766F930013A507 /* CameraAppTests.swift in Sources */ = {isa = PBXBuildFile; fileRef = 9A0D46F71C766F930013A507 /* CameraAppTests.swift */; };
		9A0D47031C766F930013A507 /* CameraAppUITests.swift in Sources */ = {isa = PBXBuildFile; fileRef = 9A0D47021C766F930013A507 /* CameraAppUITests.swift */; };
/* End PBXBuildFile section */

/* Begin PBXContainerItemProxy section */
		9A0D46F41C766F930013A507 /* PBXContainerItemProxy */ = {
			isa = PBXContainerItemProxy;
			containerPortal = 9A0D46D71C766F920013A507 /* Project object */;
			proxyType = 1;
			remoteGlobalIDString = 9A0D46DE1C766F920013A507;
			remoteInfo = CameraApp;
		};
		9A0D46FF1C766F930013A507 /* PBXContainerItemProxy */ = {
			isa = PBXContainerItemProxy;
			containerPortal = 9A0D46D71C766F920013A507 /* Project object */;
			proxyType = 1;
			remoteGlobalIDString = 9A0D46DE1C766F920013A507;
			remoteInfo = CameraApp;
		};
/* End PBXContainerItemProxy section */

/* Begin PBXFileReference section */
		9A0D46DF1C766F920013A507 /* CameraApp.app */ = {isa = PBXFileReference; explicitFileType = wrapper.application; includeInIndex = 0; path = CameraApp.app; sourceTree = BUILT_PRODUCTS_DIR; };
		9A0D46E21C766F920013A507 /* AppDelegate.swift */ = {isa = PBXFileReference; lastKnownFileType = sourcecode.swift; path = AppDelegate.swift; sourceTree = "<group>"; };
		9A0D46E41C766F920013A507 /* ViewController.swift */ = {isa = PBXFileReference; lastKnownFileType = sourcecode.swift; path = ViewController.swift; sourceTree = "<group>"; };
		9A0D46E71C766F920013A507 /* Base */ = {isa = PBXFileReference; lastKnownFileType = file.storyboard; name = Base; path = Base.lproj/Main.storyboard; sourceTree = "<group>"; };
		9A0D46E91C766F920013A507 /* Assets.xcassets */ = {isa = PBXFileReference; lastKnownFileType = folder.assetcatalog; path = Assets.xcassets; sourceTree = "<group>"; };
		9A0D46EC1C766F920013A507 /* Base */ = {isa = PBXFileReference; lastKnownFileType = file.storyboard; name = Base; path = Base.lproj/LaunchScreen.storyboard; sourceTree = "<group>"; };
		9A0D46EE1C766F920013A507 /* Info.plist */ = {isa = PBXFileReference; lastKnownFileType = text.plist.xml; path = Info.plist; sourceTree = "<group>"; };
		9A0D46F31C766F930013A507 /* CameraAppTests.xctest */ = {isa = PBXFileReference; explicitFileType = wrapper.cfbundle; includeInIndex = 0; path = CameraAppTests.xctest; sourceTree = BUILT_PRODUCTS_DIR; };
		9A0D46F71C766F930013A507 /* CameraAppTests.swift */ = {isa = PBXFileReference; lastKnownFileType = sourcecode.swift; path = CameraAppTests.swift; sourceTree = "<group>"; };
		9A0D46F91C766F930013A507 /* Info.plist */ = {isa = PBXFileReference; lastKnownFileType = text.plist.xml; path = Info.plist; sourceTree = "<group>"; };
		9A0D46FE1C766F930013A507 /* CameraAppUITests.xctest */ = {isa = PBXFileReference; explicitFileType = wrapper.cfbundle; includeInIndex = 0; path = CameraAppUITests.xctest; sourceTree = BUILT_PRODUCTS_DIR; };
		9A0D47021C766F930013A507 /* CameraAppUITests.swift */ = {isa = PBXFileReference; lastKnownFileType = sourcecode.swift; path = CameraAppUITests.swift; sourceTree = "<group>"; };
		9A0D47041C766F930013A507 /* Info.plist */ = {isa = PBXFileReference; lastKnownFileType = text.plist.xml; path = Info.plist; sourceTree = "<group>"; };
/* End PBXFileReference section */

/* Begin PBXFrameworksBuildPhase section */
		9A0D46DC1C766F920013A507 /* Frameworks */ = {
			isa = PBXFrameworksBuildPhase;
			buildActionMask = 2147483647;
			files = (
			);
			runOnlyForDeploymentPostprocessing = 0;
		};
		9A0D46F01C766F930013A507 /* Frameworks */ = {
			isa = PBXFrameworksBuildPhase;
			buildActionMask = 2147483647;
			files = (
			);
			runOnlyForDeploymentPostprocessing = 0;
		};
		9A0D46FB1C766F930013A507 /* Frameworks */ = {
			isa = PBXFrameworksBuildPhase;
			buildActionMask = 2147483647;
			files = (
			);
			runOnlyForDeploymentPostprocessing = 0;
		};
/* End PBXFrameworksBuildPhase section */

/* Begin PBXGroup section */
		9A0D46D61C766F920013A507 = {
			isa = PBXGroup;
			children = (
				9A0D46E11C766F920013A507 /* CameraApp */,
				9A0D46F61C766F930013A507 /* CameraAppTests */,
				9A0D47011C766F930013A507 /* CameraAppUITests */,
				9A0D46E01C766F920013A507 /* Products */,
			);
			sourceTree = "<group>";
		};
		9A0D46E01C766F920013A507 /* Products */ = {
			isa = PBXGroup;
			children = (
				9A0D46DF1C766F920013A507 /* CameraApp.app */,
				9A0D46F31C766F930013A507 /* CameraAppTests.xctest */,
				9A0D46FE1C766F930013A507 /* CameraAppUITests.xctest */,
			);
			name = Products;
			sourceTree = "<group>";
		};
		9A0D46E11C766F920013A507 /* CameraApp */ = {
			isa = PBXGroup;
			children = (
				9A0D46E21C766F920013A507 /* AppDelegate.swift */,
				9A0D46E41C766F920013A507 /* ViewController.swift */,
				9A0D46E61C766F920013A507 /* Main.storyboard */,
				9A0D46E91C766F920013A507 /* Assets.xcassets */,
				9A0D46EB1C766F920013A507 /* LaunchScreen.storyboard */,
				9A0D46EE1C766F920013A507 /* Info.plist */,
			);
			path = CameraApp;
			sourceTree = "<group>";
		};
		9A0D46F61C766F930013A507 /* CameraAppTests */ = {
			isa = PBXGroup;
			children = (
				9A0D46F71C766F930013A507 /* CameraAppTests.swift */,
				9A0D46F91C766F930013A507 /* Info.plist */,
			);
			path = CameraAppTests;
			sourceTree = "<group>";
		};
		9A0D47011C766F930013A507 /* CameraAppUITests */ = {
			isa = PBXGroup;
			children = (
				9A0D47021C766F930013A507 /* CameraAppUITests.swift */,
				9A0D47041C766F930013A507 /* Info.plist */,
			);
			path = CameraAppUITests;
			sourceTree = "<group>";
		};
/* End PBXGroup section */

/* Begin PBXNativeTarget section */
		9A0D46DE1C766F920013A507 /* CameraApp */ = {
			isa = PBXNativeTarget;
			buildConfigurationList = 9A0D47071C766F930013A507 /* Build configuration list for PBXNativeTarget "CameraApp" */;
			buildPhases = (
				9A0D46DB1C766F920013A507 /* Sources */,
				9A0D46DC1C766F920013A507 /* Frameworks */,
				9A0D46DD1C766F920013A507 /* Resources */,
			);
			buildRules = (
			);
			dependencies = (
			);
			name = CameraApp;
			productName = CameraApp;
			productReference = 9A0D46DF1C766F920013A507 /* CameraApp.app */;
			productType = "com.apple.product-type.application";
		};
		9A0D46F21C766F930013A507 /* CameraAppTests */ = {
			isa = PBXNativeTarget;
			buildConfigurationList = 9A0D470A1C766F930013A507 /* Build configuration list for PBXNativeTarget "CameraAppTests" */;
			buildPhases = (
				9A0D46EF1C766F930013A507 /* Sources */,
				9A0D46F01C766F930013A507 /* Frameworks */,
				9A0D46F11C766F930013A507 /* Resources */,
			);
			buildRules = (
			);
			dependencies = (
				9A0D46F51C766F930013A507 /* PBXTargetDependency */,
			);
			name = CameraAppTests;
			productName = CameraAppTests;
			productReference = 9A0D46F31C766F930013A507 /* CameraAppTests.xctest */;
			productType = "com.apple.product-type.bundle.unit-test";
		};
		9A0D46FD1C766F930013A507 /* CameraAppUITests */ = {
			isa = PBXNativeTarget;
			buildConfigurationList = 9A0D470D1C766F930013A507 /* Build configuration list for PBXNativeTarget "CameraAppUITests" */;
			buildPhases = (
				9A0D46FA1C766F930013A507 /* Sources */,
				9A0D46FB1C766F930013A507 /* Frameworks */,
				9A0D46FC1C766F930013A507 /* Resources */,
			);
			buildRules = (
			);
			dependencies = (
				9A0D47001C766F930013A507 /* PBXTargetDependency */,
			);
			name = CameraAppUITests;
			productName = CameraAppUITests;
			productReference = 9A0D46FE1C766F930013A507 /* CameraAppUITests.xctest */;
			productType = "com.apple.product-type.bundle.ui-testing";
		};
/* End PBXNativeTarget section */

/* Begin PBXProject section */
		9A0D46D71C766F920013A507 /* Project object */ = {
			isa = PBXProject;
			attributes = {
				LastSwiftUpdateCheck = 0720;
				LastUpgradeCheck = 0720;
				ORGANIZATIONNAME = "Jayson Chen";
				TargetAttributes = {
					9A0D46DE1C766F920013A507 = {
						CreatedOnToolsVersion = 7.2;
						DevelopmentTeam = P6AK3U5NP2;
					};
					9A0D46F21C766F930013A507 = {
						CreatedOnToolsVersion = 7.2;
						DevelopmentTeam = P6AK3U5NP2;
						TestTargetID = 9A0D46DE1C766F920013A507;
					};
					9A0D46FD1C766F930013A507 = {
						CreatedOnToolsVersion = 7.2;
						DevelopmentTeam = P6AK3U5NP2;
						TestTargetID = 9A0D46DE1C766F920013A507;
					};
				};
			};
			buildConfigurationList = 9A0D46DA1C766F920013A507 /* Build configuration list for PBXProject "CameraApp" */;
			compatibilityVersion = "Xcode 3.2";
			developmentRegion = English;
			hasScannedForEncodings = 0;
			knownRegions = (
				en,
				Base,
			);
			mainGroup = 9A0D46D61C766F920013A507;
			productRefGroup = 9A0D46E01C766F920013A507 /* Products */;
			projectDirPath = "";
			projectRoot = "";
			targets = (
				9A0D46DE1C766F920013A507 /* CameraApp */,
				9A0D46F21C766F930013A507 /* CameraAppTests */,
				9A0D46FD1C766F930013A507 /* CameraAppUITests */,
			);
		};
/* End PBXProject section */

/* Begin PBXResourcesBuildPhase section */
		9A0D46DD1C766F920013A507 /* Resources */ = {
			isa = PBXResourcesBuildPhase;
			buildActionMask = 2147483647;
			files = (
				9A0D46ED1C766F920013A507 /* LaunchScreen.storyboard in Resources */,
				9A0D46EA1C766F920013A507 /* Assets.xcassets in Resources */,
				9A0D46E81C766F920013A507 /* Main.storyboard in Resources */,
			);
			runOnlyForDeploymentPostprocessing = 0;
		};
		9A0D46F11C766F930013A507 /* Resources */ = {
			isa = PBXResourcesBuildPhase;
			buildActionMask = 2147483647;
			files = (
			);
			runOnlyForDeploymentPostprocessing = 0;
		};
		9A0D46FC1C766F930013A507 /* Resources */ = {
			isa = PBXResourcesBuildPhase;
			buildActionMask = 2147483647;
			files = (
			);
			runOnlyForDeploymentPostprocessing = 0;
		};
/* End PBXResourcesBuildPhase section */

/* Begin PBXSourcesBuildPhase section */
		9A0D46DB1C766F920013A507 /* Sources */ = {
			isa = PBXSourcesBuildPhase;
			buildActionMask = 2147483647;
			files = (
				9A0D46E51C766F920013A507 /* ViewController.swift in Sources */,
				9A0D46E31C766F920013A507 /* AppDelegate.swift in Sources */,
			);
			runOnlyForDeploymentPostprocessing = 0;
		};
		9A0D46EF1C766F930013A507 /* Sources */ = {
			isa = PBXSourcesBuildPhase;
			buildActionMask = 2147483647;
			files = (
				9A0D46F81C766F930013A507 /* CameraAppTests.swift in Sources */,
			);
			runOnlyForDeploymentPostprocessing = 0;
		};
		9A0D46FA1C766F930013A507 /* Sources */ = {
			isa = PBXSourcesBuildPhase;
			buildActionMask = 2147483647;
			files = (
				9A0D47031C766F930013A507 /* CameraAppUITests.swift in Sources */,
			);
			runOnlyForDeploymentPostprocessing = 0;
		};
/* End PBXSourcesBuildPhase section */

/* Begin PBXTargetDependency section */
		9A0D46F51C766F930013A507 /* PBXTargetDependency */ = {
			isa = PBXTargetDependency;
			target = 9A0D46DE1C766F920013A507 /* CameraApp */;
			targetProxy = 9A0D46F41C766F930013A507 /* PBXContainerItemProxy */;
		};
		9A0D47001C766F930013A507 /* PBXTargetDependency */ = {
			isa = PBXTargetDependency;
			target = 9A0D46DE1C766F920013A507 /* CameraApp */;
			targetProxy = 9A0D46FF1C766F930013A507 /* PBXContainerItemProxy */;
		};
/* End PBXTargetDependency section */

/* Begin PBXVariantGroup section */
		9A0D46E61C766F920013A507 /* Main.storyboard */ = {
			isa = PBXVariantGroup;
			children = (
				9A0D46E71C766F920013A507 /* Base */,
			);
			name = Main.storyboard;
			sourceTree = "<group>";
		};
		9A0D46EB1C766F920013A507 /* LaunchScreen.storyboard */ = {
			isa = PBXVariantGroup;
			children = (
				9A0D46EC1C766F920013A507 /* Base */,
			);
			name = LaunchScreen.storyboard;
			sourceTree = "<group>";
		};
/* End PBXVariantGroup section */

/* Begin XCBuildConfiguration section */
		9A0D47051C766F930013A507 /* Debug */ = {
			isa = XCBuildConfiguration;
			buildSettings = {
				ALWAYS_SEARCH_USER_PATHS = NO;
				CLANG_CXX_LANGUAGE_STANDARD = "gnu++0x";
				CLANG_CXX_LIBRARY = "libc++";
				CLANG_ENABLE_MODULES = YES;
				CLANG_ENABLE_OBJC_ARC = YES;
				CLANG_WARN_BOOL_CONVERSION = YES;
				CLANG_WARN_CONSTANT_CONVERSION = YES;
				CLANG_WARN_DIRECT_OBJC_ISA_USAGE = YES_ERROR;
				CLANG_WARN_EMPTY_BODY = YES;
				CLANG_WARN_ENUM_CONVERSION = YES;
				CLANG_WARN_INT_CONVERSION = YES;
				CLANG_WARN_OBJC_ROOT_CLASS = YES_ERROR;
				CLANG_WARN_UNREACHABLE_CODE = YES;
				CLANG_WARN__DUPLICATE_METHOD_MATCH = YES;
				"CODE_SIGN_IDENTITY[sdk=iphoneos*]" = "iPhone Developer";
				COPY_PHASE_STRIP = NO;
				DEBUG_INFORMATION_FORMAT = dwarf;
				ENABLE_STRICT_OBJC_MSGSEND = YES;
				ENABLE_TESTABILITY = YES;
				GCC_C_LANGUAGE_STANDARD = gnu99;
				GCC_DYNAMIC_NO_PIC = NO;
				GCC_NO_COMMON_BLOCKS = YES;
				GCC_OPTIMIZATION_LEVEL = 0;
				GCC_PREPROCESSOR_DEFINITIONS = (
					"DEBUG=1",
					"$(inherited)",
				);
				GCC_WARN_64_TO_32_BIT_CONVERSION = YES;
				GCC_WARN_ABOUT_RETURN_TYPE = YES_ERROR;
				GCC_WARN_UNDECLARED_SELECTOR = YES;
				GCC_WARN_UNINITIALIZED_AUTOS = YES_AGGRESSIVE;
				GCC_WARN_UNUSED_FUNCTION = YES;
				GCC_WARN_UNUSED_VARIABLE = YES;
				IPHONEOS_DEPLOYMENT_TARGET = 9.2;
				MTL_ENABLE_DEBUG_INFO = YES;
				ONLY_ACTIVE_ARCH = YES;
				SDKROOT = iphoneos;
				SWIFT_OPTIMIZATION_LEVEL = "-Onone";
			};
			name = Debug;
		};
		9A0D47061C766F930013A507 /* Release */ = {
			isa = XCBuildConfiguration;
			buildSettings = {
				ALWAYS_SEARCH_USER_PATHS = NO;
				CLANG_CXX_LANGUAGE_STANDARD = "gnu++0x";
				CLANG_CXX_LIBRARY = "libc++";
				CLANG_ENABLE_MODULES = YES;
				CLANG_ENABLE_OBJC_ARC = YES;
				CLANG_WARN_BOOL_CONVERSION = YES;
				CLANG_WARN_CONSTANT_CONVERSION = YES;
				CLANG_WARN_DIRECT_OBJC_ISA_USAGE = YES_ERROR;
				CLANG_WARN_EMPTY_BODY = YES;
				CLANG_WARN_ENUM_CONVERSION = YES;
				CLANG_WARN_INT_CONVERSION = YES;
				CLANG_WARN_OBJC_ROOT_CLASS = YES_ERROR;
				CLANG_WARN_UNREACHABLE_CODE = YES;
				CLANG_WARN__DUPLICATE_METHOD_MATCH = YES;
				"CODE_SIGN_IDENTITY[sdk=iphoneos*]" = "iPhone Developer";
				COPY_PHASE_STRIP = NO;
				DEBUG_INFORMATION_FORMAT = "dwarf-with-dsym";
				ENABLE_NS_ASSERTIONS = NO;
				ENABLE_STRICT_OBJC_MSGSEND = YES;
				GCC_C_LANGUAGE_STANDARD = gnu99;
				GCC_NO_COMMON_BLOCKS = YES;
				GCC_WARN_64_TO_32_BIT_CONVERSION = YES;
				GCC_WARN_ABOUT_RETURN_TYPE = YES_ERROR;
				GCC_WARN_UNDECLARED_SELECTOR = YES;
				GCC_WARN_UNINITIALIZED_AUTOS = YES_AGGRESSIVE;
				GCC_WARN_UNUSED_FUNCTION = YES;
				GCC_WARN_UNUSED_VARIABLE = YES;
				IPHONEOS_DEPLOYMENT_TARGET = 9.2;
				MTL_ENABLE_DEBUG_INFO = NO;
				SDKROOT = iphoneos;
				VALIDATE_PRODUCT = YES;
			};
			name = Release;
		};
		9A0D47081C766F930013A507 /* Debug */ = {
			isa = XCBuildConfiguration;
			buildSettings = {
				ASSETCATALOG_COMPILER_APPICON_NAME = AppIcon;
				INFOPLIST_FILE = CameraApp/Info.plist;
				LD_RUNPATH_SEARCH_PATHS = "$(inherited) @executable_path/Frameworks";
				PRODUCT_BUNDLE_IDENTIFIER = TempleUniversity.CameraApp;
				PRODUCT_NAME = "$(TARGET_NAME)";
			};
			name = Debug;
		};
		9A0D47091C766F930013A507 /* Release */ = {
			isa = XCBuildConfiguration;
			buildSettings = {
				ASSETCATALOG_COMPILER_APPICON_NAME = AppIcon;
				INFOPLIST_FILE = CameraApp/Info.plist;
				LD_RUNPATH_SEARCH_PATHS = "$(inherited) @executable_path/Frameworks";
				PRODUCT_BUNDLE_IDENTIFIER = TempleUniversity.CameraApp;
				PRODUCT_NAME = "$(TARGET_NAME)";
			};
			name = Release;
		};
		9A0D470B1C766F930013A507 /* Debug */ = {
			isa = XCBuildConfiguration;
			buildSettings = {
				BUNDLE_LOADER = "$(TEST_HOST)";
				INFOPLIST_FILE = CameraAppTests/Info.plist;
				LD_RUNPATH_SEARCH_PATHS = "$(inherited) @executable_path/Frameworks @loader_path/Frameworks";
				PRODUCT_BUNDLE_IDENTIFIER = TempleUniversity.CameraAppTests;
				PRODUCT_NAME = "$(TARGET_NAME)";
				TEST_HOST = "$(BUILT_PRODUCTS_DIR)/CameraApp.app/CameraApp";
			};
			name = Debug;
		};
		9A0D470C1C766F930013A507 /* Release */ = {
			isa = XCBuildConfiguration;
			buildSettings = {
				BUNDLE_LOADER = "$(TEST_HOST)";
				INFOPLIST_FILE = CameraAppTests/Info.plist;
				LD_RUNPATH_SEARCH_PATHS = "$(inherited) @executable_path/Frameworks @loader_path/Frameworks";
				PRODUCT_BUNDLE_IDENTIFIER = TempleUniversity.CameraAppTests;
				PRODUCT_NAME = "$(TARGET_NAME)";
				TEST_HOST = "$(BUILT_PRODUCTS_DIR)/CameraApp.app/CameraApp";
			};
			name = Release;
		};
		9A0D470E1C766F930013A507 /* Debug */ = {
			isa = XCBuildConfiguration;
			buildSettings = {
				INFOPLIST_FILE = CameraAppUITests/Info.plist;
				LD_RUNPATH_SEARCH_PATHS = "$(inherited) @executable_path/Frameworks @loader_path/Frameworks";
				PRODUCT_BUNDLE_IDENTIFIER = TempleUniversity.CameraAppUITests;
				PRODUCT_NAME = "$(TARGET_NAME)";
				TEST_TARGET_NAME = CameraApp;
				USES_XCTRUNNER = YES;
			};
			name = Debug;
		};
		9A0D470F1C766F930013A507 /* Release */ = {
			isa = XCBuildConfiguration;
			buildSettings = {
				INFOPLIST_FILE = CameraAppUITests/Info.plist;
				LD_RUNPATH_SEARCH_PATHS = "$(inherited) @executable_path/Frameworks @loader_path/Frameworks";
				PRODUCT_BUNDLE_IDENTIFIER = TempleUniversity.CameraAppUITests;
				PRODUCT_NAME = "$(TARGET_NAME)";
				TEST_TARGET_NAME = CameraApp;
				USES_XCTRUNNER = YES;
			};
			name = Release;
		};
/* End XCBuildConfiguration section */

/* Begin XCConfigurationList section */
		9A0D46DA1C766F920013A507 /* Build configuration list for PBXProject "CameraApp" */ = {
			isa = XCConfigurationList;
			buildConfigurations = (
				9A0D47051C766F930013A507 /* Debug */,
				9A0D47061C766F930013A507 /* Release */,
			);
			defaultConfigurationIsVisible = 0;
			defaultConfigurationName = Release;
		};
		9A0D47071C766F930013A507 /* Build configuration list for PBXNativeTarget "CameraApp" */ = {
			isa = XCConfigurationList;
			buildConfigurations = (
				9A0D47081C766F930013A507 /* Debug */,
				9A0D47091C766F930013A507 /* Release */,
			);
			defaultConfigurationIsVisible = 0;
		};
		9A0D470A1C766F930013A507 /* Build configuration list for PBXNativeTarget "CameraAppTests" */ = {
			isa = XCConfigurationList;
			buildConfigurations = (
				9A0D470B1C766F930013A507 /* Debug */,
				9A0D470C1C766F930013A507 /* Release */,
			);
			defaultConfigurationIsVisible = 0;
		};
		9A0D470D1C766F930013A507 /* Build configuration list for PBXNativeTarget "CameraAppUITests" */ = {
			isa = XCConfigurationList;
			buildConfigurations = (
				9A0D470E1C766F930013A507 /* Debug */,
				9A0D470F1C766F930013A507 /* Release */,
			);
			defaultConfigurationIsVisible = 0;
		};
/* End XCConfigurationList section */
	};
	rootObject = 9A0D46D71C766F920013A507 /* Project object */;
}
